
Microsoft Visual Studio Solution File, Format Version 12.00
# Visual Studio Version 17
VisualStudioVersion = 17.9.34728.123
MinimumVisualStudioVersion = 10.0.40219.1
Project("{FAE04EC0-301F-11D3-BF4B-00C04F79EFBC}") = "WhatDoesThisCodeDo", "WhatDoesThisCodeDo\WhatDoesThisCodeDo.csproj", "{0140A48F-4679-4C67-95D0-3548A2EB252B}"
EndProject
Global
	GlobalSection(SolutionConfigurationPlatforms) = preSolution
		Debug|Any CPU = Debug|Any CPU
		Release|Any CPU = Release|Any CPU
	EndGlobalSection
	GlobalSection(ProjectConfigurationPlatforms) = postSolution
		{0140A48F-4679-4C67-95D0-3548A2EB252B}.Debug|Any CPU.ActiveCfg = Debug|Any CPU
		{0140A48F-4679-4C67-95D0-3548A2EB252B}.Debug|Any CPU.Build.0 = Debug|Any CPU
		{0140A48F-4679-4C67-95D0-3548A2EB252B}.Release|Any CPU.ActiveCfg = Release|Any CPU
		{0140A48F-4679-4C67-95D0-3548A2EB252B}.Release|Any CPU.Build.0 = Release|Any CPU
	EndGlobalSection
	GlobalSection(SolutionProperties) = preSolution
		HideSolutionNode = FALSE
	EndGlobalSection
	GlobalSection(ExtensibilityGlobals) = postSolution
		SolutionGuid = {D4DD1C52-A91A-4B27-AF97-65D82058537A}
	EndGlobalSection
EndGlobal
